
Microsoft Visual Studio Solution File, Format Version 12.00
# Visual Studio Version 17
VisualStudioVersion = 17.4.33110.190
MinimumVisualStudioVersion = 10.0.40219.1
Project("{FAE04EC0-301F-11D3-BF4B-00C04F79EFBC}") = "Hospital", "Hospital\Hospital.csproj", "{61536A6F-6D42-4954-B67F-DD340DB01E6A}"
EndProject
Global
	GlobalSection(SolutionConfigurationPlatforms) = preSolution
		Debug|Any CPU = Debug|Any CPU
		Release|Any CPU = Release|Any CPU
	EndGlobalSection
	GlobalSection(ProjectConfigurationPlatforms) = postSolution
		{61536A6F-6D42-4954-B67F-DD340DB01E6A}.Debug|Any CPU.ActiveCfg = Debug|Any CPU
		{61536A6F-6D42-4954-B67F-DD340DB01E6A}.Debug|Any CPU.Build.0 = Debug|Any CPU
		{61536A6F-6D42-4954-B67F-DD340DB01E6A}.Release|Any CPU.ActiveCfg = Release|Any CPU
		{61536A6F-6D42-4954-B67F-DD340DB01E6A}.Release|Any CPU.Build.0 = Release|Any CPU
	EndGlobalSection
	GlobalSection(SolutionProperties) = preSolution
		HideSolutionNode = FALSE
	EndGlobalSection
	GlobalSection(ExtensibilityGlobals) = postSolution
		SolutionGuid = {769688BB-205B-41A3-9893-FE20D4203230}
	EndGlobalSection
EndGlobal
