
Microsoft Visual Studio Solution File, Format Version 12.00
# Visual Studio Version 17
VisualStudioVersion = 17.4.33110.190
MinimumVisualStudioVersion = 10.0.40219.1
Project("{FAE04EC0-301F-11D3-BF4B-00C04F79EFBC}") = "PackageShippingGUI", "PackageShippingGUI\PackageShippingGUI.csproj", "{6C349AD3-C700-4B4E-BC9B-510284CA0991}"
EndProject
Global
	GlobalSection(SolutionConfigurationPlatforms) = preSolution
		Debug|Any CPU = Debug|Any CPU
		Release|Any CPU = Release|Any CPU
	EndGlobalSection
	GlobalSection(ProjectConfigurationPlatforms) = postSolution
		{6C349AD3-C700-4B4E-BC9B-510284CA0991}.Debug|Any CPU.ActiveCfg = Debug|Any CPU
		{6C349AD3-C700-4B4E-BC9B-510284CA0991}.Debug|Any CPU.Build.0 = Debug|Any CPU
		{6C349AD3-C700-4B4E-BC9B-510284CA0991}.Release|Any CPU.ActiveCfg = Release|Any CPU
		{6C349AD3-C700-4B4E-BC9B-510284CA0991}.Release|Any CPU.Build.0 = Release|Any CPU
	EndGlobalSection
	GlobalSection(SolutionProperties) = preSolution
		HideSolutionNode = FALSE
	EndGlobalSection
	GlobalSection(ExtensibilityGlobals) = postSolution
		SolutionGuid = {537F7FF8-C008-4FBB-9B95-A379C6F1FAB9}
	EndGlobalSection
EndGlobal
